
Microsoft Visual Studio Solution File, Format Version 12.00
# Visual Studio 15
VisualStudioVersion = 15.0.28307.902
MinimumVisualStudioVersion = 10.0.40219.1
Project("{FAE04EC0-301F-11D3-BF4B-00C04F79EFBC}") = "FinalApp", "FinalApp\FinalApp.csproj", "{8267123A-A1DE-4F6B-92D9-091560AD5B23}"
EndProject
Global
	GlobalSection(SolutionConfigurationPlatforms) = preSolution
		Debug|Any CPU = Debug|Any CPU
		Release|Any CPU = Release|Any CPU
	EndGlobalSection
	GlobalSection(ProjectConfigurationPlatforms) = postSolution
		{8267123A-A1DE-4F6B-92D9-091560AD5B23}.Debug|Any CPU.ActiveCfg = Debug|Any CPU
		{8267123A-A1DE-4F6B-92D9-091560AD5B23}.Debug|Any CPU.Build.0 = Debug|Any CPU
		{8267123A-A1DE-4F6B-92D9-091560AD5B23}.Release|Any CPU.ActiveCfg = Release|Any CPU
		{8267123A-A1DE-4F6B-92D9-091560AD5B23}.Release|Any CPU.Build.0 = Release|Any CPU
	EndGlobalSection
	GlobalSection(SolutionProperties) = preSolution
		HideSolutionNode = FALSE
	EndGlobalSection
	GlobalSection(ExtensibilityGlobals) = postSolution
		SolutionGuid = {3E813FC3-932E-4952-8586-9B52D505BA7E}
	EndGlobalSection
EndGlobal
